
Microsoft Visual Studio Solution File, Format Version 12.00
Project("{FAE04EC0-301F-11D3-BF4B-00C04F79EFBC}") = "SquareSorting", "SquareSorting\SquareSorting.csproj", "{ADA96E66-324A-4749-AE98-946122692D8B}"
EndProject
Global
	GlobalSection(SolutionConfigurationPlatforms) = preSolution
		Debug|Any CPU = Debug|Any CPU
		Release|Any CPU = Release|Any CPU
	EndGlobalSection
	GlobalSection(ProjectConfigurationPlatforms) = postSolution
		{ADA96E66-324A-4749-AE98-946122692D8B}.Debug|Any CPU.ActiveCfg = Debug|Any CPU
		{ADA96E66-324A-4749-AE98-946122692D8B}.Debug|Any CPU.Build.0 = Debug|Any CPU
		{ADA96E66-324A-4749-AE98-946122692D8B}.Release|Any CPU.ActiveCfg = Release|Any CPU
		{ADA96E66-324A-4749-AE98-946122692D8B}.Release|Any CPU.Build.0 = Release|Any CPU
	EndGlobalSection
EndGlobal
