
Microsoft Visual Studio Solution File, Format Version 12.00
Project("{FAE04EC0-301F-11D3-BF4B-00C04F79EFBC}") = "Trie", "Trie\Trie.csproj", "{F4EEC1C2-7FBE-44F2-B1E6-C2156C683BA2}"
EndProject
Project("{FAE04EC0-301F-11D3-BF4B-00C04F79EFBC}") = "Trie.Tests", "Trie.Tests\Trie.Tests.csproj", "{99BA517F-326D-467A-8E06-57AB01CED6EC}"
EndProject
Global
	GlobalSection(SolutionConfigurationPlatforms) = preSolution
		Debug|Any CPU = Debug|Any CPU
		Release|Any CPU = Release|Any CPU
	EndGlobalSection
	GlobalSection(ProjectConfigurationPlatforms) = postSolution
		{F4EEC1C2-7FBE-44F2-B1E6-C2156C683BA2}.Debug|Any CPU.ActiveCfg = Debug|Any CPU
		{F4EEC1C2-7FBE-44F2-B1E6-C2156C683BA2}.Debug|Any CPU.Build.0 = Debug|Any CPU
		{F4EEC1C2-7FBE-44F2-B1E6-C2156C683BA2}.Release|Any CPU.ActiveCfg = Release|Any CPU
		{F4EEC1C2-7FBE-44F2-B1E6-C2156C683BA2}.Release|Any CPU.Build.0 = Release|Any CPU
		{99BA517F-326D-467A-8E06-57AB01CED6EC}.Debug|Any CPU.ActiveCfg = Debug|Any CPU
		{99BA517F-326D-467A-8E06-57AB01CED6EC}.Debug|Any CPU.Build.0 = Debug|Any CPU
		{99BA517F-326D-467A-8E06-57AB01CED6EC}.Release|Any CPU.ActiveCfg = Release|Any CPU
		{99BA517F-326D-467A-8E06-57AB01CED6EC}.Release|Any CPU.Build.0 = Release|Any CPU
	EndGlobalSection
EndGlobal
