
Microsoft Visual Studio Solution File, Format Version 12.00
Project("{FAE04EC0-301F-11D3-BF4B-00C04F79EFBC}") = "Routers", "Routers\Routers.csproj", "{973F774B-BDA1-4D9A-B338-34480BFBEB6D}"
EndProject
Project("{FAE04EC0-301F-11D3-BF4B-00C04F79EFBC}") = "Routers.Tests", "Routers.Tests\Routers.Tests.csproj", "{061D8E6B-8FB4-4F28-B321-D940E0D5823C}"
EndProject
Global
	GlobalSection(SolutionConfigurationPlatforms) = preSolution
		Debug|Any CPU = Debug|Any CPU
		Release|Any CPU = Release|Any CPU
	EndGlobalSection
	GlobalSection(ProjectConfigurationPlatforms) = postSolution
		{973F774B-BDA1-4D9A-B338-34480BFBEB6D}.Debug|Any CPU.ActiveCfg = Debug|Any CPU
		{973F774B-BDA1-4D9A-B338-34480BFBEB6D}.Debug|Any CPU.Build.0 = Debug|Any CPU
		{973F774B-BDA1-4D9A-B338-34480BFBEB6D}.Release|Any CPU.ActiveCfg = Release|Any CPU
		{973F774B-BDA1-4D9A-B338-34480BFBEB6D}.Release|Any CPU.Build.0 = Release|Any CPU
		{061D8E6B-8FB4-4F28-B321-D940E0D5823C}.Debug|Any CPU.ActiveCfg = Debug|Any CPU
		{061D8E6B-8FB4-4F28-B321-D940E0D5823C}.Debug|Any CPU.Build.0 = Debug|Any CPU
		{061D8E6B-8FB4-4F28-B321-D940E0D5823C}.Release|Any CPU.ActiveCfg = Release|Any CPU
		{061D8E6B-8FB4-4F28-B321-D940E0D5823C}.Release|Any CPU.Build.0 = Release|Any CPU
	EndGlobalSection
EndGlobal
