
Microsoft Visual Studio Solution File, Format Version 12.00
Project("{FAE04EC0-301F-11D3-BF4B-00C04F79EFBC}") = "SkipList", "SkipList\SkipList.csproj", "{DB933F3D-0DBF-44C4-83BF-9912584CF71B}"
EndProject
Project("{FAE04EC0-301F-11D3-BF4B-00C04F79EFBC}") = "SkipList.Tests", "SkipList.Tests\SkipList.Tests.csproj", "{8C721B55-8BFD-4473-AF12-E5D0BEFF2C2F}"
EndProject
Global
	GlobalSection(SolutionConfigurationPlatforms) = preSolution
		Debug|Any CPU = Debug|Any CPU
		Release|Any CPU = Release|Any CPU
	EndGlobalSection
	GlobalSection(ProjectConfigurationPlatforms) = postSolution
		{DB933F3D-0DBF-44C4-83BF-9912584CF71B}.Debug|Any CPU.ActiveCfg = Debug|Any CPU
		{DB933F3D-0DBF-44C4-83BF-9912584CF71B}.Debug|Any CPU.Build.0 = Debug|Any CPU
		{DB933F3D-0DBF-44C4-83BF-9912584CF71B}.Release|Any CPU.ActiveCfg = Release|Any CPU
		{DB933F3D-0DBF-44C4-83BF-9912584CF71B}.Release|Any CPU.Build.0 = Release|Any CPU
		{8C721B55-8BFD-4473-AF12-E5D0BEFF2C2F}.Debug|Any CPU.ActiveCfg = Debug|Any CPU
		{8C721B55-8BFD-4473-AF12-E5D0BEFF2C2F}.Debug|Any CPU.Build.0 = Debug|Any CPU
		{8C721B55-8BFD-4473-AF12-E5D0BEFF2C2F}.Release|Any CPU.ActiveCfg = Release|Any CPU
		{8C721B55-8BFD-4473-AF12-E5D0BEFF2C2F}.Release|Any CPU.Build.0 = Release|Any CPU
	EndGlobalSection
EndGlobal
